
Microsoft Visual Studio Solution File, Format Version 12.00
# Visual Studio Version 17
VisualStudioVersion = 17.4.33213.308
MinimumVisualStudioVersion = 10.0.40219.1
Project("{9A19103F-16F7-4668-BE54-9A1E7A4F7556}") = "FastMail.Web", "FastMail.Web\FastMail.Web.csproj", "{C847E3C5-0C24-416D-9FA2-9784CE62B69F}"
EndProject
Project("{9A19103F-16F7-4668-BE54-9A1E7A4F7556}") = "FastMail.Core", "FastMail.Core\FastMail.Core.csproj", "{4D150FEB-FF3E-43D2-9B20-C790354DD2CA}"
EndProject
Project("{9A19103F-16F7-4668-BE54-9A1E7A4F7556}") = "FastMail.Service", "FastMail.Service\FastMail.Service.csproj", "{6E66FABA-4057-4BD1-8D5F-20967E7CC79F}"
EndProject
Global
	GlobalSection(SolutionConfigurationPlatforms) = preSolution
		Debug|Any CPU = Debug|Any CPU
		Release|Any CPU = Release|Any CPU
	EndGlobalSection
	GlobalSection(ProjectConfigurationPlatforms) = postSolution
		{C847E3C5-0C24-416D-9FA2-9784CE62B69F}.Debug|Any CPU.ActiveCfg = Debug|Any CPU
		{C847E3C5-0C24-416D-9FA2-9784CE62B69F}.Debug|Any CPU.Build.0 = Debug|Any CPU
		{C847E3C5-0C24-416D-9FA2-9784CE62B69F}.Release|Any CPU.ActiveCfg = Release|Any CPU
		{C847E3C5-0C24-416D-9FA2-9784CE62B69F}.Release|Any CPU.Build.0 = Release|Any CPU
		{4D150FEB-FF3E-43D2-9B20-C790354DD2CA}.Debug|Any CPU.ActiveCfg = Debug|Any CPU
		{4D150FEB-FF3E-43D2-9B20-C790354DD2CA}.Debug|Any CPU.Build.0 = Debug|Any CPU
		{4D150FEB-FF3E-43D2-9B20-C790354DD2CA}.Release|Any CPU.ActiveCfg = Release|Any CPU
		{4D150FEB-FF3E-43D2-9B20-C790354DD2CA}.Release|Any CPU.Build.0 = Release|Any CPU
		{6E66FABA-4057-4BD1-8D5F-20967E7CC79F}.Debug|Any CPU.ActiveCfg = Debug|Any CPU
		{6E66FABA-4057-4BD1-8D5F-20967E7CC79F}.Debug|Any CPU.Build.0 = Debug|Any CPU
		{6E66FABA-4057-4BD1-8D5F-20967E7CC79F}.Release|Any CPU.ActiveCfg = Release|Any CPU
		{6E66FABA-4057-4BD1-8D5F-20967E7CC79F}.Release|Any CPU.Build.0 = Release|Any CPU
	EndGlobalSection
	GlobalSection(SolutionProperties) = preSolution
		HideSolutionNode = FALSE
	EndGlobalSection
	GlobalSection(ExtensibilityGlobals) = postSolution
		SolutionGuid = {D2F0F6EE-965A-4E14-A49B-1B7F9F989F7A}
	EndGlobalSection
EndGlobal
